
Microsoft Visual Studio Solution File, Format Version 12.00
# Visual Studio Version 17
VisualStudioVersion = 17.11.35312.102
MinimumVisualStudioVersion = 10.0.40219.1
Project("{FAE04EC0-301F-11D3-BF4B-00C04F79EFBC}") = "InheritancePractice", "InheritancePractice.csproj", "{61C79D9C-27C2-4415-9D46-F5825B5A8E33}"
EndProject
Global
	GlobalSection(SolutionConfigurationPlatforms) = preSolution
		Debug|Any CPU = Debug|Any CPU
		Release|Any CPU = Release|Any CPU
	EndGlobalSection
	GlobalSection(ProjectConfigurationPlatforms) = postSolution
		{61C79D9C-27C2-4415-9D46-F5825B5A8E33}.Debug|Any CPU.ActiveCfg = Debug|Any CPU
		{61C79D9C-27C2-4415-9D46-F5825B5A8E33}.Debug|Any CPU.Build.0 = Debug|Any CPU
		{61C79D9C-27C2-4415-9D46-F5825B5A8E33}.Release|Any CPU.ActiveCfg = Release|Any CPU
		{61C79D9C-27C2-4415-9D46-F5825B5A8E33}.Release|Any CPU.Build.0 = Release|Any CPU
	EndGlobalSection
	GlobalSection(SolutionProperties) = preSolution
		HideSolutionNode = FALSE
	EndGlobalSection
	GlobalSection(ExtensibilityGlobals) = postSolution
		SolutionGuid = {CF1B4927-BF12-432F-A5E8-D3A14DD51A23}
	EndGlobalSection
EndGlobal
